hash: 042da6977f20513d634e30a4857e5dc1daeacb75d190c099af335b1445d314f0
updated: 2019-06-20T09:07:08.645358506-05:00
imports:
- name: github.com/ghodss/yaml
  version: 25d852aebe32c875e9c044af3eef9c7dc6bc777f
- name: github.com/rackn/gohai
  version: 92918a70111796e9e3eb4e53b0ce96c660fc7e09
  subpackages:
  - plugins/net
- name: gopkg.in/yaml.v2
  version: 51d6538a90f86fe93ac480b35f37b2be17fef232
testImports: []
