hash: 19b19f7f04d79bf64e6e64fbf40ecc28def245ffb2ae6af1030d8d18c99f5c20
updated: 2019-06-19T11:21:04.846106162-05:00
imports:
- name: github.com/ghodss/yaml
  version: e9ed3c6dfb39bb1a32197cb10d527906fe4da4b6
- name: github.com/rackn/gohai
  version: 2088e6ef1e096e071b575e791ce6c60d8419530d
  subpackages:
  - plugins/net
- name: gopkg.in/yaml.v2
  version: 5420a8b6744d3b0345ab293f6fcba19c978f1183
testImports: []
